
Microsoft Visual Studio Solution File, Format Version 12.00
# Visual Studio Version 17
VisualStudioVersion = 17.14.36414.22 d17.14
MinimumVisualStudioVersion = 10.0.40219.1
Project("{FAE04EC0-301F-11D3-BF4B-00C04F79EFBC}") = "Labor5_Exeptions", "Labor5_Exeptions\Labor5_Exeptions.csproj", "{825F5CE8-CDE4-4A3D-874D-FA0EC4CAD51E}"
EndProject
Project("{FAE04EC0-301F-11D3-BF4B-00C04F79EFBC}") = "IngredientTest", "IngredientTest\IngredientTest.csproj", "{7224588A-5D15-4B44-B566-CD927CBB2B6E}"
EndProject
Global
	GlobalSection(SolutionConfigurationPlatforms) = preSolution
		Debug|Any CPU = Debug|Any CPU
		Release|Any CPU = Release|Any CPU
	EndGlobalSection
	GlobalSection(ProjectConfigurationPlatforms) = postSolution
		{825F5CE8-CDE4-4A3D-874D-FA0EC4CAD51E}.Debug|Any CPU.ActiveCfg = Debug|Any CPU
		{825F5CE8-CDE4-4A3D-874D-FA0EC4CAD51E}.Debug|Any CPU.Build.0 = Debug|Any CPU
		{825F5CE8-CDE4-4A3D-874D-FA0EC4CAD51E}.Release|Any CPU.ActiveCfg = Release|Any CPU
		{825F5CE8-CDE4-4A3D-874D-FA0EC4CAD51E}.Release|Any CPU.Build.0 = Release|Any CPU
		{7224588A-5D15-4B44-B566-CD927CBB2B6E}.Debug|Any CPU.ActiveCfg = Debug|Any CPU
		{7224588A-5D15-4B44-B566-CD927CBB2B6E}.Debug|Any CPU.Build.0 = Debug|Any CPU
		{7224588A-5D15-4B44-B566-CD927CBB2B6E}.Release|Any CPU.ActiveCfg = Release|Any CPU
		{7224588A-5D15-4B44-B566-CD927CBB2B6E}.Release|Any CPU.Build.0 = Release|Any CPU
	EndGlobalSection
	GlobalSection(SolutionProperties) = preSolution
		HideSolutionNode = FALSE
	EndGlobalSection
	GlobalSection(ExtensibilityGlobals) = postSolution
		SolutionGuid = {740A9E1B-3510-42E7-847C-FE81C6F9F0CB}
	EndGlobalSection
EndGlobal
